
Microsoft Visual Studio Solution File, Format Version 12.00
# Visual Studio Version 17
VisualStudioVersion = 17.4.33103.184
MinimumVisualStudioVersion = 10.0.40219.1
Project("{FAE04EC0-301F-11D3-BF4B-00C04F79EFBC}") = "Classes e Objetos", "Classes e Objetos\Classes e Objetos.csproj", "{CEBA1D93-96F5-43E6-B6ED-ACDD5EF5F99F}"
EndProject
Global
	GlobalSection(SolutionConfigurationPlatforms) = preSolution
		Debug|Any CPU = Debug|Any CPU
		Release|Any CPU = Release|Any CPU
	EndGlobalSection
	GlobalSection(ProjectConfigurationPlatforms) = postSolution
		{CEBA1D93-96F5-43E6-B6ED-ACDD5EF5F99F}.Debug|Any CPU.ActiveCfg = Debug|Any CPU
		{CEBA1D93-96F5-43E6-B6ED-ACDD5EF5F99F}.Debug|Any CPU.Build.0 = Debug|Any CPU
		{CEBA1D93-96F5-43E6-B6ED-ACDD5EF5F99F}.Release|Any CPU.ActiveCfg = Release|Any CPU
		{CEBA1D93-96F5-43E6-B6ED-ACDD5EF5F99F}.Release|Any CPU.Build.0 = Release|Any CPU
	EndGlobalSection
	GlobalSection(SolutionProperties) = preSolution
		HideSolutionNode = FALSE
	EndGlobalSection
	GlobalSection(ExtensibilityGlobals) = postSolution
		SolutionGuid = {4150BD62-C952-4616-B074-8A315363F438}
	EndGlobalSection
EndGlobal
